
Microsoft Visual Studio Solution File, Format Version 12.00
# Visual Studio Version 17
VisualStudioVersion = 17.13.35825.156 d17.13
MinimumVisualStudioVersion = 10.0.40219.1
Project("{FAE04EC0-301F-11D3-BF4B-00C04F79EFBC}") = "PaginatedApi", "PaginatedApi.csproj", "{CC74E17C-8416-47C1-8828-6EDDC6F9382C}"
EndProject
Global
	GlobalSection(SolutionConfigurationPlatforms) = preSolution
		Debug|Any CPU = Debug|Any CPU
		Release|Any CPU = Release|Any CPU
	EndGlobalSection
	GlobalSection(ProjectConfigurationPlatforms) = postSolution
		{CC74E17C-8416-47C1-8828-6EDDC6F9382C}.Debug|Any CPU.ActiveCfg = Debug|Any CPU
		{CC74E17C-8416-47C1-8828-6EDDC6F9382C}.Debug|Any CPU.Build.0 = Debug|Any CPU
		{CC74E17C-8416-47C1-8828-6EDDC6F9382C}.Release|Any CPU.ActiveCfg = Release|Any CPU
		{CC74E17C-8416-47C1-8828-6EDDC6F9382C}.Release|Any CPU.Build.0 = Release|Any CPU
	EndGlobalSection
	GlobalSection(SolutionProperties) = preSolution
		HideSolutionNode = FALSE
	EndGlobalSection
	GlobalSection(ExtensibilityGlobals) = postSolution
		SolutionGuid = {9697CC30-9690-4C8F-B07B-707E52754E84}
	EndGlobalSection
EndGlobal
